// !$*UTF8*$!
{
	archiveVersion = 1;
	classes = {
	};
	objectVersion = 56;
	objects = {

/* Begin PBXBuildFile section */
		C20308F72AF4305400039E54 /* ProfileView.swift in Sources */ = {isa = PBXBuildFile; fileRef = C20308F62AF4305400039E54 /* ProfileView.swift */; };
		C20308F92AF43B4100039E54 /* ThreadsView.swift in Sources */ = {isa = PBXBuildFile; fileRef = C20308F82AF43B4100039E54 /* ThreadsView.swift */; };
		C20308FB2AF43C0B00039E54 /* ThreadsTabView.swift in Sources */ = {isa = PBXBuildFile; fileRef = C20308FA2AF43C0B00039E54 /* ThreadsTabView.swift */; };
		C20308FE2AF442D100039E54 /* StreamChatSwiftUI in Frameworks */ = {isa = PBXBuildFile; productRef = C20308FD2AF442D100039E54 /* StreamChatSwiftUI */; };
		C20309002AF447AF00039E54 /* ThreadChatView.swift in Sources */ = {isa = PBXBuildFile; fileRef = C20308FF2AF447AF00039E54 /* ThreadChatView.swift */; };
		C22BAB662AF04E0000F24F3A /* ThreadView.swift in Sources */ = {isa = PBXBuildFile; fileRef = C22BAB652AF04E0000F24F3A /* ThreadView.swift */; };
		C23512562ACE070900E031B5 /* ThreadActivityRowView.swift in Sources */ = {isa = PBXBuildFile; fileRef = C23512552ACE070900E031B5 /* ThreadActivityRowView.swift */; };
		C25BD3032AC3804E005C062D /* ThreadsChatApp.swift in Sources */ = {isa = PBXBuildFile; fileRef = C25BD3022AC3804E005C062D /* ThreadsChatApp.swift */; };
		C25BD3052AC3804E005C062D /* ContentView.swift in Sources */ = {isa = PBXBuildFile; fileRef = C25BD3042AC3804E005C062D /* ContentView.swift */; };
		C25BD30A2AC38050005C062D /* Preview Assets.xcassets in Resources */ = {isa = PBXBuildFile; fileRef = C25BD3092AC38050005C062D /* Preview Assets.xcassets */; };
		C25BD3112AC3823B005C062D /* BubbleView.swift in Sources */ = {isa = PBXBuildFile; fileRef = C25BD3102AC3823B005C062D /* BubbleView.swift */; };
		C25BD3132AC38353005C062D /* Assets.xcassets in Resources */ = {isa = PBXBuildFile; fileRef = C25BD3122AC38353005C062D /* Assets.xcassets */; };
		C291B30A2ACCC2D100AA6BB0 /* SegmentedPickerView.swift in Sources */ = {isa = PBXBuildFile; fileRef = C291B3092ACCC2D100AA6BB0 /* SegmentedPickerView.swift */; };
/* End PBXBuildFile section */

/* Begin PBXFileReference section */
		C20308F62AF4305400039E54 /* ProfileView.swift */ = {isa = PBXFileReference; lastKnownFileType = sourcecode.swift; path = ProfileView.swift; sourceTree = "<group>"; };
		C20308F82AF43B4100039E54 /* ThreadsView.swift */ = {isa = PBXFileReference; lastKnownFileType = sourcecode.swift; path = ThreadsView.swift; sourceTree = "<group>"; };
		C20308FA2AF43C0B00039E54 /* ThreadsTabView.swift */ = {isa = PBXFileReference; lastKnownFileType = sourcecode.swift; path = ThreadsTabView.swift; sourceTree = "<group>"; };
		C20308FF2AF447AF00039E54 /* ThreadChatView.swift */ = {isa = PBXFileReference; lastKnownFileType = sourcecode.swift; path = ThreadChatView.swift; sourceTree = "<group>"; };
		C22BAB652AF04E0000F24F3A /* ThreadView.swift */ = {isa = PBXFileReference; lastKnownFileType = sourcecode.swift; path = ThreadView.swift; sourceTree = "<group>"; };
		C23512552ACE070900E031B5 /* ThreadActivityRowView.swift */ = {isa = PBXFileReference; lastKnownFileType = sourcecode.swift; path = ThreadActivityRowView.swift; sourceTree = "<group>"; };
		C25BD2FF2AC3804E005C062D /* ThreadsChat.app */ = {isa = PBXFileReference; explicitFileType = wrapper.application; includeInIndex = 0; path = ThreadsChat.app; sourceTree = BUILT_PRODUCTS_DIR; };
		C25BD3022AC3804E005C062D /* ThreadsChatApp.swift */ = {isa = PBXFileReference; lastKnownFileType = sourcecode.swift; path = ThreadsChatApp.swift; sourceTree = "<group>"; };
		C25BD3042AC3804E005C062D /* ContentView.swift */ = {isa = PBXFileReference; lastKnownFileType = sourcecode.swift; path = ContentView.swift; sourceTree = "<group>"; };
		C25BD3092AC38050005C062D /* Preview Assets.xcassets */ = {isa = PBXFileReference; lastKnownFileType = folder.assetcatalog; path = "Preview Assets.xcassets"; sourceTree = "<group>"; };
		C25BD3102AC3823B005C062D /* BubbleView.swift */ = {isa = PBXFileReference; lastKnownFileType = sourcecode.swift; path = BubbleView.swift; sourceTree = "<group>"; };
		C25BD3122AC38353005C062D /* Assets.xcassets */ = {isa = PBXFileReference; lastKnownFileType = folder.assetcatalog; name = Assets.xcassets; path = "../../../Project Original/threads-mock-chat-main/ThreadsChat/Assets.xcassets"; sourceTree = "<group>"; };
		C291B3092ACCC2D100AA6BB0 /* SegmentedPickerView.swift */ = {isa = PBXFileReference; lastKnownFileType = sourcecode.swift; path = SegmentedPickerView.swift; sourceTree = "<group>"; };
/* End PBXFileReference section */

/* Begin PBXFrameworksBuildPhase section */
		C25BD2FC2AC3804E005C062D /* Frameworks */ = {
			isa = PBXFrameworksBuildPhase;
			buildActionMask = 2147483647;
			files = (
				C20308FE2AF442D100039E54 /* StreamChatSwiftUI in Frameworks */,
			);
			runOnlyForDeploymentPostprocessing = 0;
		};
/* End PBXFrameworksBuildPhase section */

/* Begin PBXGroup section */
		C25BD2F62AC3804E005C062D = {
			isa = PBXGroup;
			children = (
				C25BD3012AC3804E005C062D /* ThreadsChat */,
				C25BD3002AC3804E005C062D /* Products */,
			);
			sourceTree = "<group>";
		};
		C25BD3002AC3804E005C062D /* Products */ = {
			isa = PBXGroup;
			children = (
				C25BD2FF2AC3804E005C062D /* ThreadsChat.app */,
			);
			name = Products;
			sourceTree = "<group>";
		};
		C25BD3012AC3804E005C062D /* ThreadsChat */ = {
			isa = PBXGroup;
			children = (
				C25BD3022AC3804E005C062D /* ThreadsChatApp.swift */,
				C25BD3042AC3804E005C062D /* ContentView.swift */,
				C25BD3102AC3823B005C062D /* BubbleView.swift */,
				C291B3092ACCC2D100AA6BB0 /* SegmentedPickerView.swift */,
				C23512552ACE070900E031B5 /* ThreadActivityRowView.swift */,
				C22BAB652AF04E0000F24F3A /* ThreadView.swift */,
				C20308F62AF4305400039E54 /* ProfileView.swift */,
				C20308F82AF43B4100039E54 /* ThreadsView.swift */,
				C20308FA2AF43C0B00039E54 /* ThreadsTabView.swift */,
				C20308FF2AF447AF00039E54 /* ThreadChatView.swift */,
				C25BD3122AC38353005C062D /* Assets.xcassets */,
				C25BD3082AC38050005C062D /* Preview Content */,
			);
			path = ThreadsChat;
			sourceTree = "<group>";
		};
		C25BD3082AC38050005C062D /* Preview Content */ = {
			isa = PBXGroup;
			children = (
				C25BD3092AC38050005C062D /* Preview Assets.xcassets */,
			);
			path = "Preview Content";
			sourceTree = "<group>";
		};
/* End PBXGroup section */

/* Begin PBXNativeTarget section */
		C25BD2FE2AC3804E005C062D /* ThreadsChat */ = {
			isa = PBXNativeTarget;
			buildConfigurationList = C25BD30D2AC38050005C062D /* Build configuration list for PBXNativeTarget "ThreadsChat" */;
			buildPhases = (
				C25BD2FB2AC3804E005C062D /* Sources */,
				C25BD2FC2AC3804E005C062D /* Frameworks */,
				C25BD2FD2AC3804E005C062D /* Resources */,
			);
			buildRules = (
			);
			dependencies = (
			);
			name = ThreadsChat;
			packageProductDependencies = (
				C20308FD2AF442D100039E54 /* StreamChatSwiftUI */,
			);
			productName = ThreadsChat;
			productReference = C25BD2FF2AC3804E005C062D /* ThreadsChat.app */;
			productType = "com.apple.product-type.application";
		};
/* End PBXNativeTarget section */

/* Begin PBXProject section */
		C25BD2F72AC3804E005C062D /* Project object */ = {
			isa = PBXProject;
			attributes = {
				BuildIndependentTargetsInParallel = 1;
				LastSwiftUpdateCheck = 1420;
				LastUpgradeCheck = 1420;
				TargetAttributes = {
					C25BD2FE2AC3804E005C062D = {
						CreatedOnToolsVersion = 14.2;
					};
				};
			};
			buildConfigurationList = C25BD2FA2AC3804E005C062D /* Build configuration list for PBXProject "ThreadsChat" */;
			compatibilityVersion = "Xcode 14.0";
			developmentRegion = en;
			hasScannedForEncodings = 0;
			knownRegions = (
				en,
				Base,
			);
			mainGroup = C25BD2F62AC3804E005C062D;
			packageReferences = (
				C20308FC2AF442D100039E54 /* XCRemoteSwiftPackageReference "stream-chat-swiftui" */,
			);
			productRefGroup = C25BD3002AC3804E005C062D /* Products */;
			projectDirPath = "";
			projectRoot = "";
			targets = (
				C25BD2FE2AC3804E005C062D /* ThreadsChat */,
			);
		};
/* End PBXProject section */

/* Begin PBXResourcesBuildPhase section */
		C25BD2FD2AC3804E005C062D /* Resources */ = {
			isa = PBXResourcesBuildPhase;
			buildActionMask = 2147483647;
			files = (
				C25BD30A2AC38050005C062D /* Preview Assets.xcassets in Resources */,
				C25BD3132AC38353005C062D /* Assets.xcassets in Resources */,
			);
			runOnlyForDeploymentPostprocessing = 0;
		};
/* End PBXResourcesBuildPhase section */

/* Begin PBXSourcesBuildPhase section */
		C25BD2FB2AC3804E005C062D /* Sources */ = {
			isa = PBXSourcesBuildPhase;
			buildActionMask = 2147483647;
			files = (
				C22BAB662AF04E0000F24F3A /* ThreadView.swift in Sources */,
				C25BD3112AC3823B005C062D /* BubbleView.swift in Sources */,
				C20308F92AF43B4100039E54 /* ThreadsView.swift in Sources */,
				C291B30A2ACCC2D100AA6BB0 /* SegmentedPickerView.swift in Sources */,
				C23512562ACE070900E031B5 /* ThreadActivityRowView.swift in Sources */,
				C20308FB2AF43C0B00039E54 /* ThreadsTabView.swift in Sources */,
				C25BD3052AC3804E005C062D /* ContentView.swift in Sources */,
				C20308F72AF4305400039E54 /* ProfileView.swift in Sources */,
				C20309002AF447AF00039E54 /* ThreadChatView.swift in Sources */,
				C25BD3032AC3804E005C062D /* ThreadsChatApp.swift in Sources */,
			);
			runOnlyForDeploymentPostprocessing = 0;
		};
/* End PBXSourcesBuildPhase section */

/* Begin XCBuildConfiguration section */
		C25BD30B2AC38050005C062D /* Debug */ = {
			isa = XCBuildConfiguration;
			buildSettings = {
				ALWAYS_SEARCH_USER_PATHS = NO;
				CLANG_ANALYZER_NONNULL = YES;
				CLANG_ANALYZER_NUMBER_OBJECT_CONVERSION = YES_AGGRESSIVE;
				CLANG_CXX_LANGUAGE_STANDARD = "gnu++20";
				CLANG_ENABLE_MODULES = YES;
				CLANG_ENABLE_OBJC_ARC = YES;
				CLANG_ENABLE_OBJC_WEAK = YES;
				CLANG_WARN_BLOCK_CAPTURE_AUTORELEASING = YES;
				CLANG_WARN_BOOL_CONVERSION = YES;
				CLANG_WARN_COMMA = YES;
				CLANG_WARN_CONSTANT_CONVERSION = YES;
				CLANG_WARN_DEPRECATED_OBJC_IMPLEMENTATIONS = YES;
				CLANG_WARN_DIRECT_OBJC_ISA_USAGE = YES_ERROR;
				CLANG_WARN_DOCUMENTATION_COMMENTS = YES;
				CLANG_WARN_EMPTY_BODY = YES;
				CLANG_WARN_ENUM_CONVERSION = YES;
				CLANG_WARN_INFINITE_RECURSION = YES;
				CLANG_WARN_INT_CONVERSION = YES;
				CLANG_WARN_NON_LITERAL_NULL_CONVERSION = YES;
				CLANG_WARN_OBJC_IMPLICIT_RETAIN_SELF = YES;
				CLANG_WARN_OBJC_LITERAL_CONVERSION = YES;
				CLANG_WARN_OBJC_ROOT_CLASS = YES_ERROR;
				CLANG_WARN_QUOTED_INCLUDE_IN_FRAMEWORK_HEADER = YES;
				CLANG_WARN_RANGE_LOOP_ANALYSIS = YES;
				CLANG_WARN_STRICT_PROTOTYPES = YES;
				CLANG_WARN_SUSPICIOUS_MOVE = YES;
				CLANG_WARN_UNGUARDED_AVAILABILITY = YES_AGGRESSIVE;
				CLANG_WARN_UNREACHABLE_CODE = YES;
				CLANG_WARN__DUPLICATE_METHOD_MATCH = YES;
				COPY_PHASE_STRIP = NO;
				DEBUG_INFORMATION_FORMAT = dwarf;
				ENABLE_STRICT_OBJC_MSGSEND = YES;
				ENABLE_TESTABILITY = YES;
				GCC_C_LANGUAGE_STANDARD = gnu11;
				GCC_DYNAMIC_NO_PIC = NO;
				GCC_NO_COMMON_BLOCKS = YES;
				GCC_OPTIMIZATION_LEVEL = 0;
				GCC_PREPROCESSOR_DEFINITIONS = (
					"DEBUG=1",
					"$(inherited)",
				);
				GCC_WARN_64_TO_32_BIT_CONVERSION = YES;
				GCC_WARN_ABOUT_RETURN_TYPE = YES_ERROR;
				GCC_WARN_UNDECLARED_SELECTOR = YES;
				GCC_WARN_UNINITIALIZED_AUTOS = YES_AGGRESSIVE;
				GCC_WARN_UNUSED_FUNCTION = YES;
				GCC_WARN_UNUSED_VARIABLE = YES;
				IPHONEOS_DEPLOYMENT_TARGET = 16.2;
				MTL_ENABLE_DEBUG_INFO = INCLUDE_SOURCE;
				MTL_FAST_MATH = YES;
				ONLY_ACTIVE_ARCH = YES;
				SDKROOT = iphoneos;
				SWIFT_ACTIVE_COMPILATION_CONDITIONS = DEBUG;
				SWIFT_OPTIMIZATION_LEVEL = "-Onone";
			};
			name = Debug;
		};
		C25BD30C2AC38050005C062D /* Release */ = {
			isa = XCBuildConfiguration;
			buildSettings = {
				ALWAYS_SEARCH_USER_PATHS = NO;
				CLANG_ANALYZER_NONNULL = YES;
				CLANG_ANALYZER_NUMBER_OBJECT_CONVERSION = YES_AGGRESSIVE;
				CLANG_CXX_LANGUAGE_STANDARD = "gnu++20";
				CLANG_ENABLE_MODULES = YES;
				CLANG_ENABLE_OBJC_ARC = YES;
				CLANG_ENABLE_OBJC_WEAK = YES;
				CLANG_WARN_BLOCK_CAPTURE_AUTORELEASING = YES;
				CLANG_WARN_BOOL_CONVERSION = YES;
				CLANG_WARN_COMMA = YES;
				CLANG_WARN_CONSTANT_CONVERSION = YES;
				CLANG_WARN_DEPRECATED_OBJC_IMPLEMENTATIONS = YES;
				CLANG_WARN_DIRECT_OBJC_ISA_USAGE = YES_ERROR;
				CLANG_WARN_DOCUMENTATION_COMMENTS = YES;
				CLANG_WARN_EMPTY_BODY = YES;
				CLANG_WARN_ENUM_CONVERSION = YES;
				CLANG_WARN_INFINITE_RECURSION = YES;
				CLANG_WARN_INT_CONVERSION = YES;
				CLANG_WARN_NON_LITERAL_NULL_CONVERSION = YES;
				CLANG_WARN_OBJC_IMPLICIT_RETAIN_SELF = YES;
				CLANG_WARN_OBJC_LITERAL_CONVERSION = YES;
				CLANG_WARN_OBJC_ROOT_CLASS = YES_ERROR;
				CLANG_WARN_QUOTED_INCLUDE_IN_FRAMEWORK_HEADER = YES;
				CLANG_WARN_RANGE_LOOP_ANALYSIS = YES;
				CLANG_WARN_STRICT_PROTOTYPES = YES;
				CLANG_WARN_SUSPICIOUS_MOVE = YES;
				CLANG_WARN_UNGUARDED_AVAILABILITY = YES_AGGRESSIVE;
				CLANG_WARN_UNREACHABLE_CODE = YES;
				CLANG_WARN__DUPLICATE_METHOD_MATCH = YES;
				COPY_PHASE_STRIP = NO;
				DEBUG_INFORMATION_FORMAT = "dwarf-with-dsym";
				ENABLE_NS_ASSERTIONS = NO;
				ENABLE_STRICT_OBJC_MSGSEND = YES;
				GCC_C_LANGUAGE_STANDARD = gnu11;
				GCC_NO_COMMON_BLOCKS = YES;
				GCC_WARN_64_TO_32_BIT_CONVERSION = YES;
				GCC_WARN_ABOUT_RETURN_TYPE = YES_ERROR;
				GCC_WARN_UNDECLARED_SELECTOR = YES;
				GCC_WARN_UNINITIALIZED_AUTOS = YES_AGGRESSIVE;
				GCC_WARN_UNUSED_FUNCTION = YES;
				GCC_WARN_UNUSED_VARIABLE = YES;
				IPHONEOS_DEPLOYMENT_TARGET = 16.2;
				MTL_ENABLE_DEBUG_INFO = NO;
				MTL_FAST_MATH = YES;
				SDKROOT = iphoneos;
				SWIFT_COMPILATION_MODE = wholemodule;
				SWIFT_OPTIMIZATION_LEVEL = "-O";
				VALIDATE_PRODUCT = YES;
			};
			name = Release;
		};
		C25BD30E2AC38050005C062D /* Debug */ = {
			isa = XCBuildConfiguration;
			buildSettings = {
				ASSETCATALOG_COMPILER_APPICON_NAME = AppIcon;
				ASSETCATALOG_COMPILER_GLOBAL_ACCENT_COLOR_NAME = AccentColor;
				CODE_SIGN_STYLE = Automatic;
				CURRENT_PROJECT_VERSION = 1;
				DEVELOPMENT_ASSET_PATHS = "\"ThreadsChat/Preview Content\"";
				DEVELOPMENT_TEAM = H36896642J;
				ENABLE_PREVIEWS = YES;
				GENERATE_INFOPLIST_FILE = YES;
				INFOPLIST_KEY_UIApplicationSceneManifest_Generation = YES;
				INFOPLIST_KEY_UIApplicationSupportsIndirectInputEvents = YES;
				INFOPLIST_KEY_UILaunchScreen_Generation = YES;
				INFOPLIST_KEY_UISupportedInterfaceOrientations_iPad = "UIInterfaceOrientationPortrait UIInterfaceOrientationPortraitUpsideDown UIInterfaceOrientationLandscapeLeft UIInterfaceOrientationLandscapeRight";
				INFOPLIST_KEY_UISupportedInterfaceOrientations_iPhone = "UIInterfaceOrientationPortrait UIInterfaceOrientationLandscapeLeft UIInterfaceOrientationLandscapeRight";
				LD_RUNPATH_SEARCH_PATHS = (
					"$(inherited)",
					"@executable_path/Frameworks",
				);
				MARKETING_VERSION = 1.0;
				PRODUCT_BUNDLE_IDENTIFIER = com.AndriiStetsenko.ThreadsChat;
				PRODUCT_NAME = "$(TARGET_NAME)";
				SWIFT_EMIT_LOC_STRINGS = YES;
				SWIFT_VERSION = 5.0;
				TARGETED_DEVICE_FAMILY = "1,2";
			};
			name = Debug;
		};
		C25BD30F2AC38050005C062D /* Release */ = {
			isa = XCBuildConfiguration;
			buildSettings = {
				ASSETCATALOG_COMPILER_APPICON_NAME = AppIcon;
				ASSETCATALOG_COMPILER_GLOBAL_ACCENT_COLOR_NAME = AccentColor;
				CODE_SIGN_STYLE = Automatic;
				CURRENT_PROJECT_VERSION = 1;
				DEVELOPMENT_ASSET_PATHS = "\"ThreadsChat/Preview Content\"";
				DEVELOPMENT_TEAM = H36896642J;
				ENABLE_PREVIEWS = YES;
				GENERATE_INFOPLIST_FILE = YES;
				INFOPLIST_KEY_UIApplicationSceneManifest_Generation = YES;
				INFOPLIST_KEY_UIApplicationSupportsIndirectInputEvents = YES;
				INFOPLIST_KEY_UILaunchScreen_Generation = YES;
				INFOPLIST_KEY_UISupportedInterfaceOrientations_iPad = "UIInterfaceOrientationPortrait UIInterfaceOrientationPortraitUpsideDown UIInterfaceOrientationLandscapeLeft UIInterfaceOrientationLandscapeRight";
				INFOPLIST_KEY_UISupportedInterfaceOrientations_iPhone = "UIInterfaceOrientationPortrait UIInterfaceOrientationLandscapeLeft UIInterfaceOrientationLandscapeRight";
				LD_RUNPATH_SEARCH_PATHS = (
					"$(inherited)",
					"@executable_path/Frameworks",
				);
				MARKETING_VERSION = 1.0;
				PRODUCT_BUNDLE_IDENTIFIER = com.AndriiStetsenko.ThreadsChat;
				PRODUCT_NAME = "$(TARGET_NAME)";
				SWIFT_EMIT_LOC_STRINGS = YES;
				SWIFT_VERSION = 5.0;
				TARGETED_DEVICE_FAMILY = "1,2";
			};
			name = Release;
		};
/* End XCBuildConfiguration section */

/* Begin XCConfigurationList section */
		C25BD2FA2AC3804E005C062D /* Build configuration list for PBXProject "ThreadsChat" */ = {
			isa = XCConfigurationList;
			buildConfigurations = (
				C25BD30B2AC38050005C062D /* Debug */,
				C25BD30C2AC38050005C062D /* Release */,
			);
			defaultConfigurationIsVisible = 0;
			defaultConfigurationName = Release;
		};
		C25BD30D2AC38050005C062D /* Build configuration list for PBXNativeTarget "ThreadsChat" */ = {
			isa = XCConfigurationList;
			buildConfigurations = (
				C25BD30E2AC38050005C062D /* Debug */,
				C25BD30F2AC38050005C062D /* Release */,
			);
			defaultConfigurationIsVisible = 0;
			defaultConfigurationName = Release;
		};
/* End XCConfigurationList section */

/* Begin XCRemoteSwiftPackageReference section */
		C20308FC2AF442D100039E54 /* XCRemoteSwiftPackageReference "stream-chat-swiftui" */ = {
			isa = XCRemoteSwiftPackageReference;
			repositoryURL = "https://github.com/getstream/stream-chat-swiftui";
			requirement = {
				branch = main;
				kind = branch;
			};
		};
/* End XCRemoteSwiftPackageReference section */

/* Begin XCSwiftPackageProductDependency section */
		C20308FD2AF442D100039E54 /* StreamChatSwiftUI */ = {
			isa = XCSwiftPackageProductDependency;
			package = C20308FC2AF442D100039E54 /* XCRemoteSwiftPackageReference "stream-chat-swiftui" */;
			productName = StreamChatSwiftUI;
		};
/* End XCSwiftPackageProductDependency section */
	};
	rootObject = C25BD2F72AC3804E005C062D /* Project object */;
}
